// !$*UTF8*$!
{
	archiveVersion = 1;
	classes = {
	};
	objectVersion = 56;
	objects = {

/* Begin PBXBuildFile section */
		880509A72A9E3F14000E0689 /* main.cpp in Sources */ = {isa = PBXBuildFile; fileRef = 880509A62A9E3F14000E0689 /* main.cpp */; };
		880509AF2A9E3F82000E0689 /* contact.cpp in Sources */ = {isa = PBXBuildFile; fileRef = 880509AD2A9E3F82000E0689 /* contact.cpp */; };
		880509B22A9E40C7000E0689 /* personnel.cpp in Sources */ = {isa = PBXBuildFile; fileRef = 880509B02A9E40C7000E0689 /* personnel.cpp */; };
		880509B52A9E4257000E0689 /* Adress.cpp in Sources */ = {isa = PBXBuildFile; fileRef = 880509B32A9E4257000E0689 /* Adress.cpp */; };
		880509B82A9E49D0000E0689 /* Friend.cpp in Sources */ = {isa = PBXBuildFile; fileRef = 880509B62A9E49D0000E0689 /* Friend.cpp */; };
		880509BB2A9E4A5C000E0689 /* Date.cpp in Sources */ = {isa = PBXBuildFile; fileRef = 880509B92A9E4A5C000E0689 /* Date.cpp */; };
		880509BE2A9E5EEC000E0689 /* colleague.cpp in Sources */ = {isa = PBXBuildFile; fileRef = 880509BC2A9E5EEC000E0689 /* colleague.cpp */; };
/* End PBXBuildFile section */

/* Begin PBXCopyFilesBuildPhase section */
		880509A12A9E3F14000E0689 /* CopyFiles */ = {
			isa = PBXCopyFilesBuildPhase;
			buildActionMask = 2147483647;
			dstPath = /usr/share/man/man1/;
			dstSubfolderSpec = 0;
			files = (
			);
			runOnlyForDeploymentPostprocessing = 1;
		};
/* End PBXCopyFilesBuildPhase section */

/* Begin PBXFileReference section */
		880509A32A9E3F14000E0689 /* Phone */ = {isa = PBXFileReference; explicitFileType = "compiled.mach-o.executable"; includeInIndex = 0; path = Phone; sourceTree = BUILT_PRODUCTS_DIR; };
		880509A62A9E3F14000E0689 /* main.cpp */ = {isa = PBXFileReference; lastKnownFileType = sourcecode.cpp.cpp; path = main.cpp; sourceTree = "<group>"; };
		880509AD2A9E3F82000E0689 /* contact.cpp */ = {isa = PBXFileReference; lastKnownFileType = sourcecode.cpp.cpp; path = contact.cpp; sourceTree = "<group>"; };
		880509AE2A9E3F82000E0689 /* contact.hpp */ = {isa = PBXFileReference; lastKnownFileType = sourcecode.cpp.h; path = contact.hpp; sourceTree = "<group>"; };
		880509B02A9E40C7000E0689 /* personnel.cpp */ = {isa = PBXFileReference; lastKnownFileType = sourcecode.cpp.cpp; path = personnel.cpp; sourceTree = "<group>"; };
		880509B12A9E40C7000E0689 /* personnel.hpp */ = {isa = PBXFileReference; lastKnownFileType = sourcecode.cpp.h; path = personnel.hpp; sourceTree = "<group>"; };
		880509B32A9E4257000E0689 /* Adress.cpp */ = {isa = PBXFileReference; lastKnownFileType = sourcecode.cpp.cpp; path = Adress.cpp; sourceTree = "<group>"; };
		880509B42A9E4257000E0689 /* Adress.hpp */ = {isa = PBXFileReference; lastKnownFileType = sourcecode.cpp.h; path = Adress.hpp; sourceTree = "<group>"; };
		880509B62A9E49D0000E0689 /* Friend.cpp */ = {isa = PBXFileReference; lastKnownFileType = sourcecode.cpp.cpp; path = Friend.cpp; sourceTree = "<group>"; };
		880509B72A9E49D0000E0689 /* Friend.hpp */ = {isa = PBXFileReference; lastKnownFileType = sourcecode.cpp.h; path = Friend.hpp; sourceTree = "<group>"; };
		880509B92A9E4A5C000E0689 /* Date.cpp */ = {isa = PBXFileReference; fileEncoding = 4; lastKnownFileType = sourcecode.cpp.cpp; name = Date.cpp; path = "../../../../Documents_MB/C++_and_OOP/Date_or/Date.cpp"; sourceTree = "<group>"; };
		880509BA2A9E4A5C000E0689 /* Date.hpp */ = {isa = PBXFileReference; fileEncoding = 4; lastKnownFileType = sourcecode.cpp.h; name = Date.hpp; path = "../../../../Documents_MB/C++_and_OOP/Date_or/Date.hpp"; sourceTree = "<group>"; };
		880509BC2A9E5EEC000E0689 /* colleague.cpp */ = {isa = PBXFileReference; lastKnownFileType = sourcecode.cpp.cpp; path = colleague.cpp; sourceTree = "<group>"; };
		880509BD2A9E5EEC000E0689 /* colleague.hpp */ = {isa = PBXFileReference; lastKnownFileType = sourcecode.cpp.h; path = colleague.hpp; sourceTree = "<group>"; };
/* End PBXFileReference section */

/* Begin PBXFrameworksBuildPhase section */
		880509A02A9E3F14000E0689 /* Frameworks */ = {
			isa = PBXFrameworksBuildPhase;
			buildActionMask = 2147483647;
			files = (
			);
			runOnlyForDeploymentPostprocessing = 0;
		};
/* End PBXFrameworksBuildPhase section */

/* Begin PBXGroup section */
		8805099A2A9E3F14000E0689 = {
			isa = PBXGroup;
			children = (
				880509A52A9E3F14000E0689 /* Phone */,
				880509A42A9E3F14000E0689 /* Products */,
			);
			sourceTree = "<group>";
		};
		880509A42A9E3F14000E0689 /* Products */ = {
			isa = PBXGroup;
			children = (
				880509A32A9E3F14000E0689 /* Phone */,
			);
			name = Products;
			sourceTree = "<group>";
		};
		880509A52A9E3F14000E0689 /* Phone */ = {
			isa = PBXGroup;
			children = (
				880509A62A9E3F14000E0689 /* main.cpp */,
				880509AD2A9E3F82000E0689 /* contact.cpp */,
				880509AE2A9E3F82000E0689 /* contact.hpp */,
				880509B02A9E40C7000E0689 /* personnel.cpp */,
				880509B12A9E40C7000E0689 /* personnel.hpp */,
				880509B32A9E4257000E0689 /* Adress.cpp */,
				880509B42A9E4257000E0689 /* Adress.hpp */,
				880509B62A9E49D0000E0689 /* Friend.cpp */,
				880509B72A9E49D0000E0689 /* Friend.hpp */,
				880509B92A9E4A5C000E0689 /* Date.cpp */,
				880509BA2A9E4A5C000E0689 /* Date.hpp */,
				880509BC2A9E5EEC000E0689 /* colleague.cpp */,
				880509BD2A9E5EEC000E0689 /* colleague.hpp */,
			);
			path = Phone;
			sourceTree = "<group>";
		};
/* End PBXGroup section */

/* Begin PBXNativeTarget section */
		880509A22A9E3F14000E0689 /* Phone */ = {
			isa = PBXNativeTarget;
			buildConfigurationList = 880509AA2A9E3F14000E0689 /* Build configuration list for PBXNativeTarget "Phone" */;
			buildPhases = (
				8805099F2A9E3F14000E0689 /* Sources */,
				880509A02A9E3F14000E0689 /* Frameworks */,
				880509A12A9E3F14000E0689 /* CopyFiles */,
			);
			buildRules = (
			);
			dependencies = (
			);
			name = Phone;
			productName = Phone;
			productReference = 880509A32A9E3F14000E0689 /* Phone */;
			productType = "com.apple.product-type.tool";
		};
/* End PBXNativeTarget section */

/* Begin PBXProject section */
		8805099B2A9E3F14000E0689 /* Project object */ = {
			isa = PBXProject;
			attributes = {
				BuildIndependentTargetsInParallel = 1;
				LastUpgradeCheck = 1430;
				TargetAttributes = {
					880509A22A9E3F14000E0689 = {
						CreatedOnToolsVersion = 14.3.1;
					};
				};
			};
			buildConfigurationList = 8805099E2A9E3F14000E0689 /* Build configuration list for PBXProject "Phone" */;
			compatibilityVersion = "Xcode 14.0";
			developmentRegion = en;
			hasScannedForEncodings = 0;
			knownRegions = (
				en,
				Base,
			);
			mainGroup = 8805099A2A9E3F14000E0689;
			productRefGroup = 880509A42A9E3F14000E0689 /* Products */;
			projectDirPath = "";
			projectRoot = "";
			targets = (
				880509A22A9E3F14000E0689 /* Phone */,
			);
		};
/* End PBXProject section */

/* Begin PBXSourcesBuildPhase section */
		8805099F2A9E3F14000E0689 /* Sources */ = {
			isa = PBXSourcesBuildPhase;
			buildActionMask = 2147483647;
			files = (
				880509BE2A9E5EEC000E0689 /* colleague.cpp in Sources */,
				880509AF2A9E3F82000E0689 /* contact.cpp in Sources */,
				880509B52A9E4257000E0689 /* Adress.cpp in Sources */,
				880509B22A9E40C7000E0689 /* personnel.cpp in Sources */,
				880509BB2A9E4A5C000E0689 /* Date.cpp in Sources */,
				880509B82A9E49D0000E0689 /* Friend.cpp in Sources */,
				880509A72A9E3F14000E0689 /* main.cpp in Sources */,
			);
			runOnlyForDeploymentPostprocessing = 0;
		};
/* End PBXSourcesBuildPhase section */

/* Begin XCBuildConfiguration section */
		880509A82A9E3F14000E0689 /* Debug */ = {
			isa = XCBuildConfiguration;
			buildSettings = {
				ALWAYS_SEARCH_USER_PATHS = NO;
				CLANG_ANALYZER_NONNULL = YES;
				CLANG_ANALYZER_NUMBER_OBJECT_CONVERSION = YES_AGGRESSIVE;
				CLANG_CXX_LANGUAGE_STANDARD = "gnu++20";
				CLANG_ENABLE_MODULES = YES;
				CLANG_ENABLE_OBJC_ARC = YES;
				CLANG_ENABLE_OBJC_WEAK = YES;
				CLANG_WARN_BLOCK_CAPTURE_AUTORELEASING = YES;
				CLANG_WARN_BOOL_CONVERSION = YES;
				CLANG_WARN_COMMA = YES;
				CLANG_WARN_CONSTANT_CONVERSION = YES;
				CLANG_WARN_DEPRECATED_OBJC_IMPLEMENTATIONS = YES;
				CLANG_WARN_DIRECT_OBJC_ISA_USAGE = YES_ERROR;
				CLANG_WARN_DOCUMENTATION_COMMENTS = YES;
				CLANG_WARN_EMPTY_BODY = YES;
				CLANG_WARN_ENUM_CONVERSION = YES;
				CLANG_WARN_INFINITE_RECURSION = YES;
				CLANG_WARN_INT_CONVERSION = YES;
				CLANG_WARN_NON_LITERAL_NULL_CONVERSION = YES;
				CLANG_WARN_OBJC_IMPLICIT_RETAIN_SELF = YES;
				CLANG_WARN_OBJC_LITERAL_CONVERSION = YES;
				CLANG_WARN_OBJC_ROOT_CLASS = YES_ERROR;
				CLANG_WARN_QUOTED_INCLUDE_IN_FRAMEWORK_HEADER = YES;
				CLANG_WARN_RANGE_LOOP_ANALYSIS = YES;
				CLANG_WARN_STRICT_PROTOTYPES = YES;
				CLANG_WARN_SUSPICIOUS_MOVE = YES;
				CLANG_WARN_UNGUARDED_AVAILABILITY = YES_AGGRESSIVE;
				CLANG_WARN_UNREACHABLE_CODE = YES;
				CLANG_WARN__DUPLICATE_METHOD_MATCH = YES;
				COPY_PHASE_STRIP = NO;
				DEBUG_INFORMATION_FORMAT = dwarf;
				ENABLE_STRICT_OBJC_MSGSEND = YES;
				ENABLE_TESTABILITY = YES;
				GCC_C_LANGUAGE_STANDARD = gnu11;
				GCC_DYNAMIC_NO_PIC = NO;
				GCC_NO_COMMON_BLOCKS = YES;
				GCC_OPTIMIZATION_LEVEL = 0;
				GCC_PREPROCESSOR_DEFINITIONS = (
					"DEBUG=1",
					"$(inherited)",
				);
				GCC_WARN_64_TO_32_BIT_CONVERSION = YES;
				GCC_WARN_ABOUT_RETURN_TYPE = YES_ERROR;
				GCC_WARN_UNDECLARED_SELECTOR = YES;
				GCC_WARN_UNINITIALIZED_AUTOS = YES_AGGRESSIVE;
				GCC_WARN_UNUSED_FUNCTION = YES;
				GCC_WARN_UNUSED_VARIABLE = YES;
				MACOSX_DEPLOYMENT_TARGET = 13.3;
				MTL_ENABLE_DEBUG_INFO = INCLUDE_SOURCE;
				MTL_FAST_MATH = YES;
				ONLY_ACTIVE_ARCH = YES;
				SDKROOT = macosx;
			};
			name = Debug;
		};
		880509A92A9E3F14000E0689 /* Release */ = {
			isa = XCBuildConfiguration;
			buildSettings = {
				ALWAYS_SEARCH_USER_PATHS = NO;
				CLANG_ANALYZER_NONNULL = YES;
				CLANG_ANALYZER_NUMBER_OBJECT_CONVERSION = YES_AGGRESSIVE;
				CLANG_CXX_LANGUAGE_STANDARD = "gnu++20";
				CLANG_ENABLE_MODULES = YES;
				CLANG_ENABLE_OBJC_ARC = YES;
				CLANG_ENABLE_OBJC_WEAK = YES;
				CLANG_WARN_BLOCK_CAPTURE_AUTORELEASING = YES;
				CLANG_WARN_BOOL_CONVERSION = YES;
				CLANG_WARN_COMMA = YES;
				CLANG_WARN_CONSTANT_CONVERSION = YES;
				CLANG_WARN_DEPRECATED_OBJC_IMPLEMENTATIONS = YES;
				CLANG_WARN_DIRECT_OBJC_ISA_USAGE = YES_ERROR;
				CLANG_WARN_DOCUMENTATION_COMMENTS = YES;
				CLANG_WARN_EMPTY_BODY = YES;
				CLANG_WARN_ENUM_CONVERSION = YES;
				CLANG_WARN_INFINITE_RECURSION = YES;
				CLANG_WARN_INT_CONVERSION = YES;
				CLANG_WARN_NON_LITERAL_NULL_CONVERSION = YES;
				CLANG_WARN_OBJC_IMPLICIT_RETAIN_SELF = YES;
				CLANG_WARN_OBJC_LITERAL_CONVERSION = YES;
				CLANG_WARN_OBJC_ROOT_CLASS = YES_ERROR;
				CLANG_WARN_QUOTED_INCLUDE_IN_FRAMEWORK_HEADER = YES;
				CLANG_WARN_RANGE_LOOP_ANALYSIS = YES;
				CLANG_WARN_STRICT_PROTOTYPES = YES;
				CLANG_WARN_SUSPICIOUS_MOVE = YES;
				CLANG_WARN_UNGUARDED_AVAILABILITY = YES_AGGRESSIVE;
				CLANG_WARN_UNREACHABLE_CODE = YES;
				CLANG_WARN__DUPLICATE_METHOD_MATCH = YES;
				COPY_PHASE_STRIP = NO;
				DEBUG_INFORMATION_FORMAT = "dwarf-with-dsym";
				ENABLE_NS_ASSERTIONS = NO;
				ENABLE_STRICT_OBJC_MSGSEND = YES;
				GCC_C_LANGUAGE_STANDARD = gnu11;
				GCC_NO_COMMON_BLOCKS = YES;
				GCC_WARN_64_TO_32_BIT_CONVERSION = YES;
				GCC_WARN_ABOUT_RETURN_TYPE = YES_ERROR;
				GCC_WARN_UNDECLARED_SELECTOR = YES;
				GCC_WARN_UNINITIALIZED_AUTOS = YES_AGGRESSIVE;
				GCC_WARN_UNUSED_FUNCTION = YES;
				GCC_WARN_UNUSED_VARIABLE = YES;
				MACOSX_DEPLOYMENT_TARGET = 13.3;
				MTL_ENABLE_DEBUG_INFO = NO;
				MTL_FAST_MATH = YES;
				SDKROOT = macosx;
			};
			name = Release;
		};
		880509AB2A9E3F14000E0689 /* Debug */ = {
			isa = XCBuildConfiguration;
			buildSettings = {
				CODE_SIGN_STYLE = Automatic;
				PRODUCT_NAME = "$(TARGET_NAME)";
			};
			name = Debug;
		};
		880509AC2A9E3F14000E0689 /* Release */ = {
			isa = XCBuildConfiguration;
			buildSettings = {
				CODE_SIGN_STYLE = Automatic;
				PRODUCT_NAME = "$(TARGET_NAME)";
			};
			name = Release;
		};
/* End XCBuildConfiguration section */

/* Begin XCConfigurationList section */
		8805099E2A9E3F14000E0689 /* Build configuration list for PBXProject "Phone" */ = {
			isa = XCConfigurationList;
			buildConfigurations = (
				880509A82A9E3F14000E0689 /* Debug */,
				880509A92A9E3F14000E0689 /* Release */,
			);
			defaultConfigurationIsVisible = 0;
			defaultConfigurationName = Release;
		};
		880509AA2A9E3F14000E0689 /* Build configuration list for PBXNativeTarget "Phone" */ = {
			isa = XCConfigurationList;
			buildConfigurations = (
				880509AB2A9E3F14000E0689 /* Debug */,
				880509AC2A9E3F14000E0689 /* Release */,
			);
			defaultConfigurationIsVisible = 0;
			defaultConfigurationName = Release;
		};
/* End XCConfigurationList section */
	};
	rootObject = 8805099B2A9E3F14000E0689 /* Project object */;
}
